
Microsoft Visual Studio Solution File, Format Version 12.00
# Visual Studio Version 17
VisualStudioVersion = 17.7.34024.191
MinimumVisualStudioVersion = 10.0.40219.1
Project("{FAE04EC0-301F-11D3-BF4B-00C04F79EFBC}") = "ShoppingMall", "ShoppingMall\ShoppingMall.csproj", "{50088583-6038-420C-A916-D59DF5E89530}"
	ProjectSection(ProjectDependencies) = postProject
		{47679CB8-5D00-4CC9-BCF6-F952827D3B19} = {47679CB8-5D00-4CC9-BCF6-F952827D3B19}
	EndProjectSection
EndProject
Project("{FAE04EC0-301F-11D3-BF4B-00C04F79EFBC}") = "ShoppingMall.Business", "ShoppingMallBusiness\ShoppingMall.Business.csproj", "{47679CB8-5D00-4CC9-BCF6-F952827D3B19}"
	ProjectSection(ProjectDependencies) = postProject
		{285E4584-0A94-4AC5-9342-22D8E7834FD5} = {285E4584-0A94-4AC5-9342-22D8E7834FD5}
	EndProjectSection
EndProject
Project("{FAE04EC0-301F-11D3-BF4B-00C04F79EFBC}") = "ShoppingMall.Data", "ShoppingMall.Data\ShoppingMall.Data.csproj", "{285E4584-0A94-4AC5-9342-22D8E7834FD5}"
EndProject
Global
	GlobalSection(SolutionConfigurationPlatforms) = preSolution
		Debug|Any CPU = Debug|Any CPU
		Release|Any CPU = Release|Any CPU
	EndGlobalSection
	GlobalSection(ProjectConfigurationPlatforms) = postSolution
		{50088583-6038-420C-A916-D59DF5E89530}.Debug|Any CPU.ActiveCfg = Debug|Any CPU
		{50088583-6038-420C-A916-D59DF5E89530}.Debug|Any CPU.Build.0 = Debug|Any CPU
		{50088583-6038-420C-A916-D59DF5E89530}.Release|Any CPU.ActiveCfg = Release|Any CPU
		{50088583-6038-420C-A916-D59DF5E89530}.Release|Any CPU.Build.0 = Release|Any CPU
		{47679CB8-5D00-4CC9-BCF6-F952827D3B19}.Debug|Any CPU.ActiveCfg = Debug|Any CPU
		{47679CB8-5D00-4CC9-BCF6-F952827D3B19}.Debug|Any CPU.Build.0 = Debug|Any CPU
		{47679CB8-5D00-4CC9-BCF6-F952827D3B19}.Release|Any CPU.ActiveCfg = Release|Any CPU
		{47679CB8-5D00-4CC9-BCF6-F952827D3B19}.Release|Any CPU.Build.0 = Release|Any CPU
		{285E4584-0A94-4AC5-9342-22D8E7834FD5}.Debug|Any CPU.ActiveCfg = Debug|Any CPU
		{285E4584-0A94-4AC5-9342-22D8E7834FD5}.Debug|Any CPU.Build.0 = Debug|Any CPU
		{285E4584-0A94-4AC5-9342-22D8E7834FD5}.Release|Any CPU.ActiveCfg = Release|Any CPU
		{285E4584-0A94-4AC5-9342-22D8E7834FD5}.Release|Any CPU.Build.0 = Release|Any CPU
	EndGlobalSection
	GlobalSection(SolutionProperties) = preSolution
		HideSolutionNode = FALSE
	EndGlobalSection
	GlobalSection(ExtensibilityGlobals) = postSolution
		SolutionGuid = {DFECA2B0-64F8-470F-A212-9F903112B2DE}
	EndGlobalSection
EndGlobal
